# THIS IS AN AUTOGENERATED FILE. DO NOT EDIT THIS FILE DIRECTLY.
# yarn lockfile v1


"@cfworker/json-schema@^4.0.2":
  version "4.1.1"
  resolved "https://registry.yarnpkg.com/@cfworker/json-schema/-/json-schema-4.1.1.tgz#4a2a3947ee9fa7b7c24be981422831b8674c3be6"
  integrity sha512-gAmrUZSGtKc3AiBL71iNWxDsyUC5uMaKKGdvzYsBoTW/xi42JQHl7eKV2OYzCUqvc+D2RCcf7EXY2iCyFIk6og==

"@langchain/classic@^1.0.27":
  version "1.0.45"
  resolved "https://registry.yarnpkg.com/@langchain/classic/-/classic-1.0.45.tgz#9e54f3723ea53527dfbf617b66fa0b40ed81d84f"
  integrity sha512-VIC+lJRFejU2el7q4/aibTIk1ccPX0HZGSKhmrkHexZWXpwsjdBBTZYBzUxsgJ3srXAvD3ltLe8ZpbY/isB7rg==
  dependencies:
    "@langchain/openai" "1.5.10"
    "@langchain/textsplitters" "1.0.1"
    handlebars "^4.7.9"
    js-yaml "^5.2.2"
    jsonpointer "^5.0.1"
    openapi-types "^12.1.3"
    yaml "^2.9.0"
    zod "^3.25.76 || ^4"
  optionalDependencies:
    langsmith ">=0.4.0 <1.0.0"

"@langchain/community@^1.1.29":
  version "1.1.29"
  resolved "https://registry.yarnpkg.com/@langchain/community/-/community-1.1.29.tgz#b4570301b7080e51594eaaa48d3465ed465d0220"
  integrity sha512-eJbE0IARueEg+Lljk7SIGGeiSnu5u0mcT0MPIF7UG6jYPNXOpSebwiXsS3aIKOyJZSj0DlmBPv7q0hkLrxDtHA==
  dependencies:
    "@langchain/classic" "^1.0.27"
    "@langchain/openai" "^1.4.1"
    binary-extensions "^2.2.0"
    flat "^5.0.2"
    js-yaml "^4.1.1"
    langsmith ">=0.4.0 <1.0.0"
    math-expression-evaluator "^2.0.0"
    uuid "^14.0.0"
    zod "^3.25.76 || ^4"

"@langchain/core@^1.2.9":
  version "1.2.9"
  resolved "https://registry.yarnpkg.com/@langchain/core/-/core-1.2.9.tgz#4f5fb27ba07c51ce4fb8e1dc32eb36945737afa1"
  integrity sha512-conzSEj9Zu1AyXJLXsSbgrtxtxinmI1yGqQ5CIJZSoV5rvv+yvQE/vgBnoySpBQ/bl3YPgj2FL/gbDjWykLSfg==
  dependencies:
    "@cfworker/json-schema" "^4.0.2"
    "@standard-schema/spec" "^1.1.0"
    js-tiktoken "^1.0.12"
    langsmith ">=0.5.0 <1.0.0"
    mustache "^4.2.0"
    p-queue "^6.6.2"
    zod "^3.25.76 || ^4"

"@langchain/mistralai@^1.2.0":
  version "1.2.0"
  resolved "https://registry.yarnpkg.com/@langchain/mistralai/-/mistralai-1.2.0.tgz#f1820a354a188d42b0d09b8700150f18ed61cc7d"
  integrity sha512-SRtCSDIBzcQc6ZK5qa1V2ZhqSdZomXOt4VzBWXkD//IYYhbMJHhbrlYuCIuHktwpF/1ME5a7Euyk+BujN9hkTA==
  dependencies:
    "@mistralai/mistralai" "2.2.1"

"@langchain/openai@1.5.10", "@langchain/openai@^1.4.1":
  version "1.5.10"
  resolved "https://registry.yarnpkg.com/@langchain/openai/-/openai-1.5.10.tgz#96ae81ee6a005bca20e65454a187116e10b12e82"
  integrity sha512-4cxdgolkkXwnAiGEkNrue+ba7jUKjfBwleLCX5DrRVcRGrCc4w5EceblYZOIaHMY6+nhwMqIOtSzBWgcBCLfmw==
  dependencies:
    js-tiktoken "^1.0.12"
    openai "^7.5.0"
    zod "^3.25.76 || ^4"

"@langchain/textsplitters@1.0.1", "@langchain/textsplitters@^1.0.1":
  version "1.0.1"
  resolved "https://registry.yarnpkg.com/@langchain/textsplitters/-/textsplitters-1.0.1.tgz#292f9c93239178c248b3338acf7b68aa47aa9830"
  integrity sha512-rheJlB01iVtrOUzttscutRgLybPH9qR79EyzBEbf1u97ljWyuxQfCwIWK+SjoQTM9O8M7GGLLRBSYE26Jmcoww==
  dependencies:
    js-tiktoken "^1.0.12"

"@mistralai/mistralai@2.2.1":
  version "2.2.1"
  resolved "https://registry.yarnpkg.com/@mistralai/mistralai/-/mistralai-2.2.1.tgz#5de2a2534a33da26a324a028f03822048c104878"
  integrity sha512-uKU8CZmL2RzYKmplsU01hii4p3pe4HqJefpWNRWXm1Tcm0Sm4xXfwSLIy4k7ZCPlbETCGcp69E7hZs+WOJ5itQ==
  dependencies:
    ws "^8.18.0"
    zod "^3.25.0 || ^4.0.0"
    zod-to-json-schema "^3.25.0"

"@napi-rs/canvas-android-arm64@0.1.100":
  version "0.1.100"
  resolved "https://registry.yarnpkg.com/@napi-rs/canvas-android-arm64/-/canvas-android-arm64-0.1.100.tgz#b7c68b91d57702a5fc523fa82de72ea741e6766e"
  integrity sha512-hjhCKhntPv9+t4ckHymdx0phYNcVW+GKQR6Lzw2zE+pOVjOplSmtx9nNNknTjbEDLcuLZqA1y8ufKg1XfgftzQ==

"@napi-rs/canvas-android-arm64@0.1.80":
  version "0.1.80"
  resolved "https://registry.yarnpkg.com/@napi-rs/canvas-android-arm64/-/canvas-android-arm64-0.1.80.tgz#2779ca5c8aaeb46c85eb72d29f1eb34efd46fb45"
  integrity sha512-sk7xhN/MoXeuExlggf91pNziBxLPVUqF2CAVnB57KLG/pz7+U5TKG8eXdc3pm0d7Od0WreB6ZKLj37sX9muGOQ==

"@napi-rs/canvas-darwin-arm64@0.1.100":
  version "0.1.100"
  resolved "https://registry.yarnpkg.com/@napi-rs/canvas-darwin-arm64/-/canvas-darwin-arm64-0.1.100.tgz#d1686fa6ca699b07640efa5f45425db0a4e725e2"
  integrity sha512-2PcswRaC7Ly645DGt88///zuFDhJxJYdKAs1uU3mfk1atYkXufgcgLfBpk6Tm12nCQBaNt1wpybuPZ4qOhTo8A==

"@napi-rs/canvas-darwin-arm64@0.1.80":
  version "0.1.80"
  resolved "https://registry.yarnpkg.com/@napi-rs/canvas-darwin-arm64/-/canvas-darwin-arm64-0.1.80.tgz#638eaa2d0a2a373c7d15748743182718dcd95c4b"
  integrity sha512-O64APRTXRUiAz0P8gErkfEr3lipLJgM6pjATwavZ22ebhjYl/SUbpgM0xcWPQBNMP1n29afAC/Us5PX1vg+JNQ==

"@napi-rs/canvas-darwin-x64@0.1.100":
  version "0.1.100"
  resolved "https://registry.yarnpkg.com/@napi-rs/canvas-darwin-x64/-/canvas-darwin-x64-0.1.100.tgz#92978fd7eca21f7f1b59bd13ba3ce7c0e7c879a1"
  integrity sha512-ePNZtj7pNIva/siZMg+HmbeozkIjqUIYdoymH8HaA3qK7LfzFN4WMBM8G6HQ9ZC+H3+Dnn5pqtiXpgLykaPOhw==

"@napi-rs/canvas-darwin-x64@0.1.80":
  version "0.1.80"
  resolved "https://registry.yarnpkg.com/@napi-rs/canvas-darwin-x64/-/canvas-darwin-x64-0.1.80.tgz#bd6bc048dbd4b02b9620d9d07117ed93e6970978"
  integrity sha512-FqqSU7qFce0Cp3pwnTjVkKjjOtxMqRe6lmINxpIZYaZNnVI0H5FtsaraZJ36SiTHNjZlUB69/HhxNDT1Aaa9vA==

"@napi-rs/canvas-linux-arm-gnueabihf@0.1.100":
  version "0.1.100"
  resolved "https://registry.yarnpkg.com/@napi-rs/canvas-linux-arm-gnueabihf/-/canvas-linux-arm-gnueabihf-0.1.100.tgz#95f9892e1d5a8274871d8ee406374e9ef692bd9f"
  integrity sha512-d5cDB48oWFGU8/XPhUOFAlySgb/VAu7D+s8fi55K1Pcfg8aPplHWqMgibhVLU8ky7Pyg/fuiVLz4Nf3JrSTuUA==

"@napi-rs/canvas-linux-arm-gnueabihf@0.1.80":
  version "0.1.80"
  resolved "https://registry.yarnpkg.com/@napi-rs/canvas-linux-arm-gnueabihf/-/canvas-linux-arm-gnueabihf-0.1.80.tgz#ce6bfbeb19d9234c42df5c384e5989aa7d734789"
  integrity sha512-eyWz0ddBDQc7/JbAtY4OtZ5SpK8tR4JsCYEZjCE3dI8pqoWUC8oMwYSBGCYfsx2w47cQgQCgMVRVTFiiO38hHQ==

"@napi-rs/canvas-linux-arm64-gnu@0.1.100":
  version "0.1.100"
  resolved "https://registry.yarnpkg.com/@napi-rs/canvas-linux-arm64-gnu/-/canvas-linux-arm64-gnu-0.1.100.tgz#6b2b7c4bb016b8f5308115ac9ae909df4967a94b"
  integrity sha512-rDxgxRu69RvDlX/bh9o22DxLsGr8EqsNgotL9+RwQE1S0b0cqeatqsw6aW45mukm0B42DIAaAacKaYQ8cqS1nw==

"@napi-rs/canvas-linux-arm64-gnu@0.1.80":
  version "0.1.80"
  resolved "https://registry.yarnpkg.com/@napi-rs/canvas-linux-arm64-gnu/-/canvas-linux-arm64-gnu-0.1.80.tgz#3b7a7832fef763826fa5fb740d5757204e52607d"
  integrity sha512-qwA63t8A86bnxhuA/GwOkK3jvb+XTQaTiVML0vAWoHyoZYTjNs7BzoOONDgTnNtr8/yHrq64XXzUoLqDzU+Uuw==

"@napi-rs/canvas-linux-arm64-musl@0.1.100":
  version "0.1.100"
  resolved "https://registry.yarnpkg.com/@napi-rs/canvas-linux-arm64-musl/-/canvas-linux-arm64-musl-0.1.100.tgz#48cf6342543e4f87cf1f8e9b1aaa19ad85bcc178"
  integrity sha512-K3mDW66N+xT2/V439u1alFANiBUjdEx2gLiNYnCmUsva5jZMxWTjafBYwTzYK+EMFMHrUoabuU+T1BIP5CgbYQ==

"@napi-rs/canvas-linux-arm64-musl@0.1.80":
  version "0.1.80"
  resolved "https://registry.yarnpkg.com/@napi-rs/canvas-linux-arm64-musl/-/canvas-linux-arm64-musl-0.1.80.tgz#d8ccd91f31d70760628623cd575134ada17690a3"
  integrity sha512-1XbCOz/ymhj24lFaIXtWnwv/6eFHXDrjP0jYkc6iHQ9q8oXKzUX1Lc6bu+wuGiLhGh2GS/2JlfORC5ZcXimRcg==

"@napi-rs/canvas-linux-riscv64-gnu@0.1.100":
  version "0.1.100"
  resolved "https://registry.yarnpkg.com/@napi-rs/canvas-linux-riscv64-gnu/-/canvas-linux-riscv64-gnu-0.1.100.tgz#71b011007b03755c834a961735302c5837b041da"
  integrity sha512-mooqUBTIsccZpnoQC4NgrC1v6C1vof39etLNMnBwCY+p0gajWJvAHLGQ6g/gGyS5YrpDW+GefSN4+Cvcr08UWw==

"@napi-rs/canvas-linux-riscv64-gnu@0.1.80":
  version "0.1.80"
  resolved "https://registry.yarnpkg.com/@napi-rs/canvas-linux-riscv64-gnu/-/canvas-linux-riscv64-gnu-0.1.80.tgz#927a3b859a0e3c691beaf52a19bc4736c4ffc9b8"
  integrity sha512-XTzR125w5ZMs0lJcxRlS1K3P5RaZ9RmUsPtd1uGt+EfDyYMu4c6SEROYsxyatbbu/2+lPe7MPHOO/0a0x7L/gw==

"@napi-rs/canvas-linux-x64-gnu@0.1.100":
  version "0.1.100"
  resolved "https://registry.yarnpkg.com/@napi-rs/canvas-linux-x64-gnu/-/canvas-linux-x64-gnu-0.1.100.tgz#3f479d3b8b8c4658e5dec1b943ad7d2eefd2811f"
  integrity sha512-1eCvkDCazm7FFhsT7DfGOdSaHgZVK3bt/dSBl5EWHOWmnz+I7j8tPseJqqD81NF+MH21jKUK4wQSDjN0mdhnTg==

"@napi-rs/canvas-linux-x64-gnu@0.1.80":
  version "0.1.80"
  resolved "https://registry.yarnpkg.com/@napi-rs/canvas-linux-x64-gnu/-/canvas-linux-x64-gnu-0.1.80.tgz#25c0416bcedd6fadc15295e9afa8d9697232050c"
  integrity sha512-BeXAmhKg1kX3UCrJsYbdQd3hIMDH/K6HnP/pG2LuITaXhXBiNdh//TVVVVCBbJzVQaV5gK/4ZOCMrQW9mvuTqA==

"@napi-rs/canvas-linux-x64-musl@0.1.100":
  version "0.1.100"
  resolved "https://registry.yarnpkg.com/@napi-rs/canvas-linux-x64-musl/-/canvas-linux-x64-musl-0.1.100.tgz#1beaca22c1fe97709a9c287115cb3c90194ddec6"
  integrity sha512-20arT6lnI19S68qNlii73TSEDbECNgzMz2EpldC1V3mZFuRkeujXkcebRk0LRJe9SEUAooYiLokfMViY8IX7yA==

"@napi-rs/canvas-linux-x64-musl@0.1.80":
  version "0.1.80"
  resolved "https://registry.yarnpkg.com/@napi-rs/canvas-linux-x64-musl/-/canvas-linux-x64-musl-0.1.80.tgz#de85d644e09120a60996bbe165cc2efee804551b"
  integrity sha512-x0XvZWdHbkgdgucJsRxprX/4o4sEed7qo9rCQA9ugiS9qE2QvP0RIiEugtZhfLH3cyI+jIRFJHV4Fuz+1BHHMg==

"@napi-rs/canvas-win32-arm64-msvc@0.1.100":
  version "0.1.100"
  resolved "https://registry.yarnpkg.com/@napi-rs/canvas-win32-arm64-msvc/-/canvas-win32-arm64-msvc-0.1.100.tgz#8a1728b455dd17965f95c0bfdf6753be8c5851c0"
  integrity sha512-DZFFT1wIAg37LJw37yhMRFfjATd3vTQzjZ1Yki8u2vhO6Hi5VE6BVaGQ1aaDu7xb4iMErz+9EOwjpS7xcxFeBw==

"@napi-rs/canvas-win32-x64-msvc@0.1.100":
  version "0.1.100"
  resolved "https://registry.yarnpkg.com/@napi-rs/canvas-win32-x64-msvc/-/canvas-win32-x64-msvc-0.1.100.tgz#1e52883f8784ffdbe52dc2d47b05a0886aa6e9cf"
  integrity sha512-MyT1j3mHC2+Lu4pBi9mKyMJhtP6U7k7EldY7sj/uS5gJA65gTXt8MefJQXLJo5d/vZbuWmfxzkEUNc/urV3pHA==

"@napi-rs/canvas-win32-x64-msvc@0.1.80":
  version "0.1.80"
  resolved "https://registry.yarnpkg.com/@napi-rs/canvas-win32-x64-msvc/-/canvas-win32-x64-msvc-0.1.80.tgz#6bb95885d9377912d71f1372fc1916fb54d6ef0a"
  integrity sha512-Z8jPsM6df5V8B1HrCHB05+bDiCxjE9QA//3YrkKIdVDEwn5RKaqOxCJDRJkl48cJbylcrJbW4HxZbTte8juuPg==

"@napi-rs/canvas@0.1.80":
  version "0.1.80"
  resolved "https://registry.yarnpkg.com/@napi-rs/canvas/-/canvas-0.1.80.tgz#53615bea56fd94e07331ab13caa7a39efc4914ab"
  integrity sha512-DxuT1ClnIPts1kQx8FBmkk4BQDTfI5kIzywAaMjQSXfNnra5UFU9PwurXrl+Je3bJ6BGsp/zmshVVFbCmyI+ww==
  optionalDependencies:
    "@napi-rs/canvas-android-arm64" "0.1.80"
    "@napi-rs/canvas-darwin-arm64" "0.1.80"
    "@napi-rs/canvas-darwin-x64" "0.1.80"
    "@napi-rs/canvas-linux-arm-gnueabihf" "0.1.80"
    "@napi-rs/canvas-linux-arm64-gnu" "0.1.80"
    "@napi-rs/canvas-linux-arm64-musl" "0.1.80"
    "@napi-rs/canvas-linux-riscv64-gnu" "0.1.80"
    "@napi-rs/canvas-linux-x64-gnu" "0.1.80"
    "@napi-rs/canvas-linux-x64-musl" "0.1.80"
    "@napi-rs/canvas-win32-x64-msvc" "0.1.80"

"@napi-rs/canvas@^0.1.80":
  version "0.1.100"
  resolved "https://registry.yarnpkg.com/@napi-rs/canvas/-/canvas-0.1.100.tgz#2c89a15c28a62e1372be23fd474762ae1a8b16b7"
  integrity sha512-xglYA6q3XO5P3BNJYxVZ1IV7DLVjp1Py6nwag88YntrS+3vKHyYcMqXVS4ZztJmwz2uGvz1FWhI/4LgbR5uQDA==
  optionalDependencies:
    "@napi-rs/canvas-android-arm64" "0.1.100"
    "@napi-rs/canvas-darwin-arm64" "0.1.100"
    "@napi-rs/canvas-darwin-x64" "0.1.100"
    "@napi-rs/canvas-linux-arm-gnueabihf" "0.1.100"
    "@napi-rs/canvas-linux-arm64-gnu" "0.1.100"
    "@napi-rs/canvas-linux-arm64-musl" "0.1.100"
    "@napi-rs/canvas-linux-riscv64-gnu" "0.1.100"
    "@napi-rs/canvas-linux-x64-gnu" "0.1.100"
    "@napi-rs/canvas-linux-x64-musl" "0.1.100"
    "@napi-rs/canvas-win32-arm64-msvc" "0.1.100"
    "@napi-rs/canvas-win32-x64-msvc" "0.1.100"

"@pinecone-database/pinecone@^8.2.0":
  version "8.2.0"
  resolved "https://registry.yarnpkg.com/@pinecone-database/pinecone/-/pinecone-8.2.0.tgz#1bb8a450ef59494286ee8b1a6976ac71133a12b5"
  integrity sha512-4Lzn+Ph4Lmf8ZEm2Ky1WGgPJJtoMtjSCmsT6bdHpd8nhkUnCQqk/NsbPYglx7irWYJpb2zBE+wehNBfoCeJ6Qw==

"@standard-schema/spec@^1.1.0":
  version "1.1.0"
  resolved "https://registry.yarnpkg.com/@standard-schema/spec/-/spec-1.1.0.tgz#a79b55dbaf8604812f52d140b2c9ab41bc150bb8"
  integrity sha512-l2aFy5jALhniG5HgqrD6jXLi/rUWrKvqN/qJx6yoJsgKhblVd+iqqU4RCXavm/jPityDo5TCvKMnpjKnOriy0w==

argparse@^2.0.1:
  version "2.0.1"
  resolved "https://registry.yarnpkg.com/argparse/-/argparse-2.0.1.tgz#246f50f3ca78a3240f6c997e8a9bd1eac49e4b38"
  integrity sha512-8+9WqebbFzpX9OR+Wa6O29asIogeRMzcGtAINdpMHHyAg10f05aSFVBbcEqGf/PXw1EjAZ+q2/bEBg3DvurK3Q==

base64-js@^1.5.1:
  version "1.5.1"
  resolved "https://registry.yarnpkg.com/base64-js/-/base64-js-1.5.1.tgz#1b1b440160a5bf7ad40b650f095963481903930a"
  integrity sha512-AKpaYlHn8t4SVbOHCy+b5+KKgvR4vrsD8vbvrbiQJps7fKDTkjkDry6ji0rUJjC0kzbNePLwzxq8iypo41qeWA==

binary-extensions@^2.2.0:
  version "2.3.0"
  resolved "https://registry.yarnpkg.com/binary-extensions/-/binary-extensions-2.3.0.tgz#f6e14a97858d327252200242d4ccfe522c445522"
  integrity sha512-Ceh+7ox5qe7LJuLHoY0feh3pHuUDHAcRUeyL2VYghZwfpkNIy/+8Ocg0a3UuSoYzavmylwuLWQOf3hl0jjMMIw==

dotenv@^17.4.2:
  version "17.4.2"
  resolved "https://registry.yarnpkg.com/dotenv/-/dotenv-17.4.2.tgz#c07e54a746e11eba021dd9e1047ced5afdc1c034"
  integrity sha512-nI4U3TottKAcAD9LLud4Cb7b2QztQMUEfHbvhTH09bqXTxnSie8WnjPALV/WMCrJZ6UV/qHJ6L03OqO3LcdYZw==

eventemitter3@^4.0.4:
  version "4.0.7"
  resolved "https://registry.yarnpkg.com/eventemitter3/-/eventemitter3-4.0.7.tgz#2de9b68f6528d5644ef5c59526a1b4a07306169f"
  integrity sha512-8guHBZCwKnFhYdHr2ysuRWErTwhoN2X8XELRlrRwpmfeY2jjuUN4taQMsULKUVo1K4DvZl+0pgfyoysHxvmvEw==

flat@^5.0.2:
  version "5.0.2"
  resolved "https://registry.yarnpkg.com/flat/-/flat-5.0.2.tgz#8ca6fe332069ffa9d324c327198c598259ceb241"
  integrity sha512-b6suED+5/3rTpUBdG1gupIl8MPFCAMA0QXwmljLhvCUKcUvdE4gWky9zpuGCcXHOsz4J9wPGNWq6OKpmIzz3hQ==

handlebars@^4.7.9:
  version "4.7.9"
  resolved "https://registry.yarnpkg.com/handlebars/-/handlebars-4.7.9.tgz#6f139082ab58dc4e5a0e51efe7db5ae890d56a0f"
  integrity sha512-4E71E0rpOaQuJR2A3xDZ+GM1HyWYv1clR58tC8emQNeQe3RH7MAzSbat+V0wG78LQBo6m6bzSG/L4pBuCsgnUQ==
  dependencies:
    minimist "^1.2.5"
    neo-async "^2.6.2"
    source-map "^0.6.1"
    wordwrap "^1.0.0"
  optionalDependencies:
    uglify-js "^3.1.4"

js-tiktoken@^1.0.12:
  version "1.0.21"
  resolved "https://registry.yarnpkg.com/js-tiktoken/-/js-tiktoken-1.0.21.tgz#368a9957591a30a62997dd0c4cf30866f00f8221"
  integrity sha512-biOj/6M5qdgx5TKjDnFT1ymSpM5tbd3ylwDtrQvFQSu0Z7bBYko2dF+W/aUkXUPuk6IVpRxk/3Q2sHOzGlS36g==
  dependencies:
    base64-js "^1.5.1"

js-yaml@^4.1.1:
  version "4.3.1"
  resolved "https://registry.yarnpkg.com/js-yaml/-/js-yaml-4.3.1.tgz#01216c001d67f48e2cd560d708c7af21090a3848"
  integrity sha512-CY6crGq313MX8GkwvB7tzgp99vjQxY1++5y10/BKN/GUfHqWaOGQMNZkBvqSzsZKWk/ijwHlWzzkLulsGHhjWQ==
  dependencies:
    argparse "^2.0.1"

js-yaml@^5.2.2:
  version "5.3.0"
  resolved "https://registry.yarnpkg.com/js-yaml/-/js-yaml-5.3.0.tgz#526430a6da31065127528ae695ce168cfc5f91f0"
  integrity sha512-muutsYr+e2+d3rTgUGslq5rxbBlUy3cJ61IsHag2QNDQV+7zXWjkUpmALIajhrlLlrgRUiymj6U3zUr/TMK84Q==
  dependencies:
    argparse "^2.0.1"

jsonpointer@^5.0.1:
  version "5.0.1"
  resolved "https://registry.yarnpkg.com/jsonpointer/-/jsonpointer-5.0.1.tgz#2110e0af0900fd37467b5907ecd13a7884a1b559"
  integrity sha512-p/nXbhSEcu3pZRdkW1OfJhpsVtW1gd4Wa1fnQc9YLiTfAjn0312eMKimbdIQzuZl9aa9xUGaRlP9T/CJE/ditQ==

"langsmith@>=0.4.0 <1.0.0", "langsmith@>=0.5.0 <1.0.0":
  version "0.9.0"
  resolved "https://registry.yarnpkg.com/langsmith/-/langsmith-0.9.0.tgz#48495c0af6ff1e0850736a5098b64cec9f6b475b"
  integrity sha512-tlg/aG7qezAKY6G3fgADSX7PkRj+JKoF3z7QNkCMsAOvwvuzhiwP9Amn1Z+zAIxuKoWuXQdIjtFN0LVmUC1oUQ==
  dependencies:
    p-queue "6.6.2"

math-expression-evaluator@^2.0.0:
  version "2.0.7"
  resolved "https://registry.yarnpkg.com/math-expression-evaluator/-/math-expression-evaluator-2.0.7.tgz#dc99a80ce2bf7f9b7df878126feb5c506c1fdf5f"
  integrity sha512-uwliJZ6BPHRq4eiqNWxZBDzKUiS5RIynFFcgchqhBOloVLVBpZpNG8jRYkedLcBvhph8TnRyWEuxPqiQcwIdog==

minimist@^1.2.5:
  version "1.2.8"
  resolved "https://registry.yarnpkg.com/minimist/-/minimist-1.2.8.tgz#c1a464e7693302e082a075cee0c057741ac4772c"
  integrity sha512-2yyAR8qBkN3YuheJanUpWC5U3bb5osDywNB8RzDVlDwDHbocAJveqqj1u8+SVD7jkWT4yvsHCpWqqWqAxb0zCA==

mustache@^4.2.0:
  version "4.2.0"
  resolved "https://registry.yarnpkg.com/mustache/-/mustache-4.2.0.tgz#e5892324d60a12ec9c2a73359edca52972bf6f64"
  integrity sha512-71ippSywq5Yb7/tVYyGbkBggbU8H3u5Rz56fH60jGFgr8uHwxs+aSKeqmluIVzM0m0kB7xQjKS6qPfd0b2ZoqQ==

neo-async@^2.6.2:
  version "2.6.2"
  resolved "https://registry.yarnpkg.com/neo-async/-/neo-async-2.6.2.tgz#b4aafb93e3aeb2d8174ca53cf163ab7d7308305f"
  integrity sha512-Yd3UES5mWCSqR+qNT93S3UoYUkqAZ9lLg8a7g9rimsWmYGK8cVToA4/sF3RrshdyV3sAGMXVUmpMYOw+dLpOuw==

openai@^7.5.0:
  version "7.5.0"
  resolved "https://registry.yarnpkg.com/openai/-/openai-7.5.0.tgz#adacc4ba3e325ffa9f71e0aeec834058e3d2e98b"
  integrity sha512-ZbDBz8FSB8Mv8fFYIUvzTFMdV5vl93/octp1MdtK2lfYepSpfv/ewmeugpKz/cwGtFSx+YuUM4NwpZ2P55YiPA==

openapi-types@^12.1.3:
  version "12.1.3"
  resolved "https://registry.yarnpkg.com/openapi-types/-/openapi-types-12.1.3.tgz#471995eb26c4b97b7bd356aacf7b91b73e777dd3"
  integrity sha512-N4YtSYJqghVu4iek2ZUvcN/0aqH1kRDuNqzcycDxhOUpg7GdvLa2F3DgS6yBNhInhv2r/6I0Flkn7CqL8+nIcw==

p-finally@^1.0.0:
  version "1.0.0"
  resolved "https://registry.yarnpkg.com/p-finally/-/p-finally-1.0.0.tgz#3fbcfb15b899a44123b34b6dcc18b724336a2cae"
  integrity sha512-LICb2p9CB7FS+0eR1oqWnHhp0FljGLZCWBE9aix0Uye9W8LTQPwMTYVGWQWIw9RdQiDg4+epXQODwIYJtSJaow==

p-queue@6.6.2, p-queue@^6.6.2:
  version "6.6.2"
  resolved "https://registry.yarnpkg.com/p-queue/-/p-queue-6.6.2.tgz#2068a9dcf8e67dd0ec3e7a2bcb76810faa85e426"
  integrity sha512-RwFpb72c/BhQLEXIZ5K2e+AhgNVmIejGlTgiB9MzZ0e93GRvqZ7uSi0dvRF7/XIXDeNkra2fNHBxTyPDGySpjQ==
  dependencies:
    eventemitter3 "^4.0.4"
    p-timeout "^3.2.0"

p-timeout@^3.2.0:
  version "3.2.0"
  resolved "https://registry.yarnpkg.com/p-timeout/-/p-timeout-3.2.0.tgz#c7e17abc971d2a7962ef83626b35d635acf23dfe"
  integrity sha512-rhIwUycgwwKcP9yTOOFK/AKsAopjjCakVqLHePO3CC6Mir1Z99xT+R63jZxAT5lFZLa2inS5h+ZS2GvR99/FBg==
  dependencies:
    p-finally "^1.0.0"

pdf-parse@^2.4.5:
  version "2.4.5"
  resolved "https://registry.yarnpkg.com/pdf-parse/-/pdf-parse-2.4.5.tgz#fcbf9774d985a7f573e899c22618ab53a508a9f3"
  integrity sha512-mHU89HGh7v+4u2ubfnevJ03lmPgQ5WU4CxAVmTSh/sxVTEDYd1er/dKS/A6vg77NX47KTEoihq8jZBLr8Cxuwg==
  dependencies:
    "@napi-rs/canvas" "0.1.80"
    pdfjs-dist "5.4.296"

pdfjs-dist@5.4.296:
  version "5.4.296"
  resolved "https://registry.yarnpkg.com/pdfjs-dist/-/pdfjs-dist-5.4.296.tgz#b1aa7ded8828f29537bc7cc99c1343c8b3a5d2d6"
  integrity sha512-DlOzet0HO7OEnmUmB6wWGJrrdvbyJKftI1bhMitK7O2N8W2gc757yyYBbINy9IDafXAV9wmKr9t7xsTaNKRG5Q==
  optionalDependencies:
    "@napi-rs/canvas" "^0.1.80"

source-map@^0.6.1:
  version "0.6.1"
  resolved "https://registry.yarnpkg.com/source-map/-/source-map-0.6.1.tgz#74722af32e9614e9c287a8d0bbde48b5e2f1a263"
  integrity sha512-UjgapumWlbMhkBgzT7Ykc5YXUT46F0iKu8SGXq0bcwP5dz/h0Plj6enJqjz1Zbq2l5WaqYnrVbwWOWMyF3F47g==

uglify-js@^3.1.4:
  version "3.19.3"
  resolved "https://registry.yarnpkg.com/uglify-js/-/uglify-js-3.19.3.tgz#82315e9bbc6f2b25888858acd1fff8441035b77f"
  integrity sha512-v3Xu+yuwBXisp6QYTcH4UbH+xYJXqnq2m/LtQVWKWzYc1iehYnLixoQDN9FH6/j9/oybfd6W9Ghwkl8+UMKTKQ==

uuid@^14.0.0:
  version "14.0.2"
  resolved "https://registry.yarnpkg.com/uuid/-/uuid-14.0.2.tgz#d5ae03e4db0881c87271f8b0b9bd7312d02c799a"
  integrity sha512-xZe/16rV4aa+HGSOCiY2YeLT1OybRLrrkL/Rqaq7p7GMVXjFh+6wN4oMYgjFmnSnhY8t6Xpdl2l9qmnHYuMHwQ==

wordwrap@^1.0.0:
  version "1.0.0"
  resolved "https://registry.yarnpkg.com/wordwrap/-/wordwrap-1.0.0.tgz#27584810891456a4171c8d0226441ade90cbcaeb"
  integrity sha512-gvVzJFlPycKc5dZN4yPkP8w7Dc37BtP1yczEneOb4uq34pXZcvrtRTmWV8W+Ume+XCxKgbjM+nevkyFPMybd4Q==

ws@^8.18.0:
  version "8.21.3"
  resolved "https://registry.yarnpkg.com/ws/-/ws-8.21.3.tgz#660b4faddb6a3e575c86e078126919961f4de4fc"
  integrity sha512-201TZ/kPWxoPr/OKWjquZR1SWKXcvxdH+e1xrx89b3YbmzLMFCLfnaG1HFIgWzJOEWZ7MvpK++odZufgYR50Rw==

yaml@^2.9.0:
  version "2.9.0"
  resolved "https://registry.yarnpkg.com/yaml/-/yaml-2.9.0.tgz#78274afd93598a1dfdd6130df6a566defcbf9aa4"
  integrity sha512-2AvhNX3mb8zd6Zy7INTtSpl1F15HW6Wnqj0srWlkKLcpYl/gMIMJiyuGq2KeI2YFxUPjdlB+3Lc10seMLtL4cA==

zod-to-json-schema@^3.25.0:
  version "3.25.2"
  resolved "https://registry.yarnpkg.com/zod-to-json-schema/-/zod-to-json-schema-3.25.2.tgz#3fa799a7badd554541472fb65843fdc460b2e5aa"
  integrity sha512-O/PgfnpT1xKSDeQYSCfRI5Gy3hPf91mKVDuYLUHZJMiDFptvP41MSnWofm8dnCm0256ZNfZIM7DSzuSMAFnjHA==

"zod@^3.25.0 || ^4.0.0", "zod@^3.25.76 || ^4":
  version "4.4.3"
  resolved "https://registry.yarnpkg.com/zod/-/zod-4.4.3.tgz#b680f172885d18bbebf21a834ea25e55a1bbf356"
  integrity sha512-ytENFjIJFl2UwYglde2jchW2Hwm4GJFLDiSXWdTrJQBIN9Fcyp7n4DhxJEiWNAJMV1/BqWfW/kkg71UDcHJyTQ==
